// !$*UTF8*$!
{
	archiveVersion = 1;
	classes = {
	};
	objectVersion = 50;
	objects = {

/* Begin PBXBuildFile section */
		11033D578F2CB76BDD376C73 /* Pods_EasyGitHubSearch.framework in Frameworks */ = {isa = PBXBuildFile; fileRef = F0105DAC7D2E285C18F93EFC /* Pods_EasyGitHubSearch.framework */; };
		62857B5B253377BB0020F3B2 /* AppDelegate.swift in Sources */ = {isa = PBXBuildFile; fileRef = 62857B5A253377BB0020F3B2 /* AppDelegate.swift */; };
		62857B64253377BE0020F3B2 /* Assets.xcassets in Resources */ = {isa = PBXBuildFile; fileRef = 62857B63253377BE0020F3B2 /* Assets.xcassets */; };
		62857B67253377BE0020F3B2 /* LaunchScreen.storyboard in Resources */ = {isa = PBXBuildFile; fileRef = 62857B65253377BE0020F3B2 /* LaunchScreen.storyboard */; };
		62857B702533783F0020F3B2 /* ViewController.swift in Sources */ = {isa = PBXBuildFile; fileRef = 62857B6E2533783F0020F3B2 /* ViewController.swift */; };
		62857B712533783F0020F3B2 /* ViewController.xib in Resources */ = {isa = PBXBuildFile; fileRef = 62857B6F2533783F0020F3B2 /* ViewController.xib */; };
/* End PBXBuildFile section */

/* Begin PBXFileReference section */
		578E640A62EBACC63CD35DD6 /* Pods-EasyGitHubSearch.release.xcconfig */ = {isa = PBXFileReference; includeInIndex = 1; lastKnownFileType = text.xcconfig; name = "Pods-EasyGitHubSearch.release.xcconfig"; path = "Target Support Files/Pods-EasyGitHubSearch/Pods-EasyGitHubSearch.release.xcconfig"; sourceTree = "<group>"; };
		62857B57253377BB0020F3B2 /* EasyGitHubSearch.app */ = {isa = PBXFileReference; explicitFileType = wrapper.application; includeInIndex = 0; path = EasyGitHubSearch.app; sourceTree = BUILT_PRODUCTS_DIR; };
		62857B5A253377BB0020F3B2 /* AppDelegate.swift */ = {isa = PBXFileReference; lastKnownFileType = sourcecode.swift; path = AppDelegate.swift; sourceTree = "<group>"; };
		62857B63253377BE0020F3B2 /* Assets.xcassets */ = {isa = PBXFileReference; lastKnownFileType = folder.assetcatalog; path = Assets.xcassets; sourceTree = "<group>"; };
		62857B66253377BE0020F3B2 /* Base */ = {isa = PBXFileReference; lastKnownFileType = file.storyboard; name = Base; path = Base.lproj/LaunchScreen.storyboard; sourceTree = "<group>"; };
		62857B68253377BE0020F3B2 /* Info.plist */ = {isa = PBXFileReference; lastKnownFileType = text.plist.xml; path = Info.plist; sourceTree = "<group>"; };
		62857B6E2533783F0020F3B2 /* ViewController.swift */ = {isa = PBXFileReference; lastKnownFileType = sourcecode.swift; path = ViewController.swift; sourceTree = "<group>"; };
		62857B6F2533783F0020F3B2 /* ViewController.xib */ = {isa = PBXFileReference; lastKnownFileType = file.xib; path = ViewController.xib; sourceTree = "<group>"; };
		7880B52E5BA8759A7DC6B68B /* Pods-EasyGitHubSearch.debug.xcconfig */ = {isa = PBXFileReference; includeInIndex = 1; lastKnownFileType = text.xcconfig; name = "Pods-EasyGitHubSearch.debug.xcconfig"; path = "Target Support Files/Pods-EasyGitHubSearch/Pods-EasyGitHubSearch.debug.xcconfig"; sourceTree = "<group>"; };
		F0105DAC7D2E285C18F93EFC /* Pods_EasyGitHubSearch.framework */ = {isa = PBXFileReference; explicitFileType = wrapper.framework; includeInIndex = 0; path = Pods_EasyGitHubSearch.framework; sourceTree = BUILT_PRODUCTS_DIR; };
/* End PBXFileReference section */

/* Begin PBXFrameworksBuildPhase section */
		62857B54253377BB0020F3B2 /* Frameworks */ = {
			isa = PBXFrameworksBuildPhase;
			buildActionMask = 2147483647;
			files = (
				11033D578F2CB76BDD376C73 /* Pods_EasyGitHubSearch.framework in Frameworks */,
			);
			runOnlyForDeploymentPostprocessing = 0;
		};
/* End PBXFrameworksBuildPhase section */

/* Begin PBXGroup section */
		30CFADC99BAE715DB15B72E5 /* Pods */ = {
			isa = PBXGroup;
			children = (
				7880B52E5BA8759A7DC6B68B /* Pods-EasyGitHubSearch.debug.xcconfig */,
				578E640A62EBACC63CD35DD6 /* Pods-EasyGitHubSearch.release.xcconfig */,
			);
			name = Pods;
			path = Pods;
			sourceTree = "<group>";
		};
		62857B4E253377BB0020F3B2 = {
			isa = PBXGroup;
			children = (
				62857B59253377BB0020F3B2 /* EasyGitHubSearch */,
				62857B58253377BB0020F3B2 /* Products */,
				30CFADC99BAE715DB15B72E5 /* Pods */,
				75160473A1D645D70C47151B /* Frameworks */,
			);
			sourceTree = "<group>";
		};
		62857B58253377BB0020F3B2 /* Products */ = {
			isa = PBXGroup;
			children = (
				62857B57253377BB0020F3B2 /* EasyGitHubSearch.app */,
			);
			name = Products;
			sourceTree = "<group>";
		};
		62857B59253377BB0020F3B2 /* EasyGitHubSearch */ = {
			isa = PBXGroup;
			children = (
				62857B5A253377BB0020F3B2 /* AppDelegate.swift */,
				62857B63253377BE0020F3B2 /* Assets.xcassets */,
				62857B65253377BE0020F3B2 /* LaunchScreen.storyboard */,
				62857B68253377BE0020F3B2 /* Info.plist */,
				62857B6E2533783F0020F3B2 /* ViewController.swift */,
				62857B6F2533783F0020F3B2 /* ViewController.xib */,
			);
			path = EasyGitHubSearch;
			sourceTree = "<group>";
		};
		75160473A1D645D70C47151B /* Frameworks */ = {
			isa = PBXGroup;
			children = (
				F0105DAC7D2E285C18F93EFC /* Pods_EasyGitHubSearch.framework */,
			);
			name = Frameworks;
			sourceTree = "<group>";
		};
/* End PBXGroup section */

/* Begin PBXNativeTarget section */
		62857B56253377BB0020F3B2 /* EasyGitHubSearch */ = {
			isa = PBXNativeTarget;
			buildConfigurationList = 62857B6B253377BE0020F3B2 /* Build configuration list for PBXNativeTarget "EasyGitHubSearch" */;
			buildPhases = (
				7EFFFF1B789DA7567EF6F5EC /* [CP] Check Pods Manifest.lock */,
				62857B53253377BB0020F3B2 /* Sources */,
				62857B54253377BB0020F3B2 /* Frameworks */,
				62857B55253377BB0020F3B2 /* Resources */,
				6F9462B794D98D41439C1D56 /* [CP] Embed Pods Frameworks */,
			);
			buildRules = (
			);
			dependencies = (
			);
			name = EasyGitHubSearch;
			productName = EasyGitHubSearch;
			productReference = 62857B57253377BB0020F3B2 /* EasyGitHubSearch.app */;
			productType = "com.apple.product-type.application";
		};
/* End PBXNativeTarget section */

/* Begin PBXProject section */
		62857B4F253377BB0020F3B2 /* Project object */ = {
			isa = PBXProject;
			attributes = {
				LastSwiftUpdateCheck = 1160;
				LastUpgradeCheck = 1160;
				ORGANIZATIONNAME = "Yevhen Triukhan";
				TargetAttributes = {
					62857B56253377BB0020F3B2 = {
						CreatedOnToolsVersion = 11.6;
					};
				};
			};
			buildConfigurationList = 62857B52253377BB0020F3B2 /* Build configuration list for PBXProject "EasyGitHubSearch" */;
			compatibilityVersion = "Xcode 9.3";
			developmentRegion = en;
			hasScannedForEncodings = 0;
			knownRegions = (
				en,
				Base,
			);
			mainGroup = 62857B4E253377BB0020F3B2;
			productRefGroup = 62857B58253377BB0020F3B2 /* Products */;
			projectDirPath = "";
			projectRoot = "";
			targets = (
				62857B56253377BB0020F3B2 /* EasyGitHubSearch */,
			);
		};
/* End PBXProject section */

/* Begin PBXResourcesBuildPhase section */
		62857B55253377BB0020F3B2 /* Resources */ = {
			isa = PBXResourcesBuildPhase;
			buildActionMask = 2147483647;
			files = (
				62857B67253377BE0020F3B2 /* LaunchScreen.storyboard in Resources */,
				62857B712533783F0020F3B2 /* ViewController.xib in Resources */,
				62857B64253377BE0020F3B2 /* Assets.xcassets in Resources */,
			);
			runOnlyForDeploymentPostprocessing = 0;
		};
/* End PBXResourcesBuildPhase section */

/* Begin PBXShellScriptBuildPhase section */
		6F9462B794D98D41439C1D56 /* [CP] Embed Pods Frameworks */ = {
			isa = PBXShellScriptBuildPhase;
			buildActionMask = 2147483647;
			files = (
			);
			inputFileListPaths = (
				"${PODS_ROOT}/Target Support Files/Pods-EasyGitHubSearch/Pods-EasyGitHubSearch-frameworks-${CONFIGURATION}-input-files.xcfilelist",
			);
			name = "[CP] Embed Pods Frameworks";
			outputFileListPaths = (
				"${PODS_ROOT}/Target Support Files/Pods-EasyGitHubSearch/Pods-EasyGitHubSearch-frameworks-${CONFIGURATION}-output-files.xcfilelist",
			);
			runOnlyForDeploymentPostprocessing = 0;
			shellPath = /bin/sh;
			shellScript = "\"${PODS_ROOT}/Target Support Files/Pods-EasyGitHubSearch/Pods-EasyGitHubSearch-frameworks.sh\"\n";
			showEnvVarsInLog = 0;
		};
		7EFFFF1B789DA7567EF6F5EC /* [CP] Check Pods Manifest.lock */ = {
			isa = PBXShellScriptBuildPhase;
			buildActionMask = 2147483647;
			files = (
			);
			inputFileListPaths = (
			);
			inputPaths = (
				"${PODS_PODFILE_DIR_PATH}/Podfile.lock",
				"${PODS_ROOT}/Manifest.lock",
			);
			name = "[CP] Check Pods Manifest.lock";
			outputFileListPaths = (
			);
			outputPaths = (
				"$(DERIVED_FILE_DIR)/Pods-EasyGitHubSearch-checkManifestLockResult.txt",
			);
			runOnlyForDeploymentPostprocessing = 0;
			shellPath = /bin/sh;
			shellScript = "diff \"${PODS_PODFILE_DIR_PATH}/Podfile.lock\" \"${PODS_ROOT}/Manifest.lock\" > /dev/null\nif [ $? != 0 ] ; then\n    # print error to STDERR\n    echo \"error: The sandbox is not in sync with the Podfile.lock. Run 'pod install' or update your CocoaPods installation.\" >&2\n    exit 1\nfi\n# This output is used by Xcode 'outputs' to avoid re-running this script phase.\necho \"SUCCESS\" > \"${SCRIPT_OUTPUT_FILE_0}\"\n";
			showEnvVarsInLog = 0;
		};
/* End PBXShellScriptBuildPhase section */

/* Begin PBXSourcesBuildPhase section */
		62857B53253377BB0020F3B2 /* Sources */ = {
			isa = PBXSourcesBuildPhase;
			buildActionMask = 2147483647;
			files = (
				62857B702533783F0020F3B2 /* ViewController.swift in Sources */,
				62857B5B253377BB0020F3B2 /* AppDelegate.swift in Sources */,
			);
			runOnlyForDeploymentPostprocessing = 0;
		};
/* End PBXSourcesBuildPhase section */

/* Begin PBXVariantGroup section */
		62857B65253377BE0020F3B2 /* LaunchScreen.storyboard */ = {
			isa = PBXVariantGroup;
			children = (
				62857B66253377BE0020F3B2 /* Base */,
			);
			name = LaunchScreen.storyboard;
			sourceTree = "<group>";
		};
/* End PBXVariantGroup section */

/* Begin XCBuildConfiguration section */
		62857B69253377BE0020F3B2 /* Debug */ = {
			isa = XCBuildConfiguration;
			buildSettings = {
				ALWAYS_SEARCH_USER_PATHS = NO;
				CLANG_ANALYZER_NONNULL = YES;
				CLANG_ANALYZER_NUMBER_OBJECT_CONVERSION = YES_AGGRESSIVE;
				CLANG_CXX_LANGUAGE_STANDARD = "gnu++14";
				CLANG_CXX_LIBRARY = "libc++";
				CLANG_ENABLE_MODULES = YES;
				CLANG_ENABLE_OBJC_ARC = YES;
				CLANG_ENABLE_OBJC_WEAK = YES;
				CLANG_WARN_BLOCK_CAPTURE_AUTORELEASING = YES;
				CLANG_WARN_BOOL_CONVERSION = YES;
				CLANG_WARN_COMMA = YES;
				CLANG_WARN_CONSTANT_CONVERSION = YES;
				CLANG_WARN_DEPRECATED_OBJC_IMPLEMENTATIONS = YES;
				CLANG_WARN_DIRECT_OBJC_ISA_USAGE = YES_ERROR;
				CLANG_WARN_DOCUMENTATION_COMMENTS = YES;
				CLANG_WARN_EMPTY_BODY = YES;
				CLANG_WARN_ENUM_CONVERSION = YES;
				CLANG_WARN_INFINITE_RECURSION = YES;
				CLANG_WARN_INT_CONVERSION = YES;
				CLANG_WARN_NON_LITERAL_NULL_CONVERSION = YES;
				CLANG_WARN_OBJC_IMPLICIT_RETAIN_SELF = YES;
				CLANG_WARN_OBJC_LITERAL_CONVERSION = YES;
				CLANG_WARN_OBJC_ROOT_CLASS = YES_ERROR;
				CLANG_WARN_RANGE_LOOP_ANALYSIS = YES;
				CLANG_WARN_STRICT_PROTOTYPES = YES;
				CLANG_WARN_SUSPICIOUS_MOVE = YES;
				CLANG_WARN_UNGUARDED_AVAILABILITY = YES_AGGRESSIVE;
				CLANG_WARN_UNREACHABLE_CODE = YES;
				CLANG_WARN__DUPLICATE_METHOD_MATCH = YES;
				COPY_PHASE_STRIP = NO;
				DEBUG_INFORMATION_FORMAT = dwarf;
				ENABLE_STRICT_OBJC_MSGSEND = YES;
				ENABLE_TESTABILITY = YES;
				GCC_C_LANGUAGE_STANDARD = gnu11;
				GCC_DYNAMIC_NO_PIC = NO;
				GCC_NO_COMMON_BLOCKS = YES;
				GCC_OPTIMIZATION_LEVEL = 0;
				GCC_PREPROCESSOR_DEFINITIONS = (
					"DEBUG=1",
					"$(inherited)",
				);
				GCC_WARN_64_TO_32_BIT_CONVERSION = YES;
				GCC_WARN_ABOUT_RETURN_TYPE = YES_ERROR;
				GCC_WARN_UNDECLARED_SELECTOR = YES;
				GCC_WARN_UNINITIALIZED_AUTOS = YES_AGGRESSIVE;
				GCC_WARN_UNUSED_FUNCTION = YES;
				GCC_WARN_UNUSED_VARIABLE = YES;
				IPHONEOS_DEPLOYMENT_TARGET = 13.6;
				MTL_ENABLE_DEBUG_INFO = INCLUDE_SOURCE;
				MTL_FAST_MATH = YES;
				ONLY_ACTIVE_ARCH = YES;
				SDKROOT = iphoneos;
				SWIFT_ACTIVE_COMPILATION_CONDITIONS = DEBUG;
				SWIFT_OPTIMIZATION_LEVEL = "-Onone";
			};
			name = Debug;
		};
		62857B6A253377BE0020F3B2 /* Release */ = {
			isa = XCBuildConfiguration;
			buildSettings = {
				ALWAYS_SEARCH_USER_PATHS = NO;
				CLANG_ANALYZER_NONNULL = YES;
				CLANG_ANALYZER_NUMBER_OBJECT_CONVERSION = YES_AGGRESSIVE;
				CLANG_CXX_LANGUAGE_STANDARD = "gnu++14";
				CLANG_CXX_LIBRARY = "libc++";
				CLANG_ENABLE_MODULES = YES;
				CLANG_ENABLE_OBJC_ARC = YES;
				CLANG_ENABLE_OBJC_WEAK = YES;
				CLANG_WARN_BLOCK_CAPTURE_AUTORELEASING = YES;
				CLANG_WARN_BOOL_CONVERSION = YES;
				CLANG_WARN_COMMA = YES;
				CLANG_WARN_CONSTANT_CONVERSION = YES;
				CLANG_WARN_DEPRECATED_OBJC_IMPLEMENTATIONS = YES;
				CLANG_WARN_DIRECT_OBJC_ISA_USAGE = YES_ERROR;
				CLANG_WARN_DOCUMENTATION_COMMENTS = YES;
				CLANG_WARN_EMPTY_BODY = YES;
				CLANG_WARN_ENUM_CONVERSION = YES;
				CLANG_WARN_INFINITE_RECURSION = YES;
				CLANG_WARN_INT_CONVERSION = YES;
				CLANG_WARN_NON_LITERAL_NULL_CONVERSION = YES;
				CLANG_WARN_OBJC_IMPLICIT_RETAIN_SELF = YES;
				CLANG_WARN_OBJC_LITERAL_CONVERSION = YES;
				CLANG_WARN_OBJC_ROOT_CLASS = YES_ERROR;
				CLANG_WARN_RANGE_LOOP_ANALYSIS = YES;
				CLANG_WARN_STRICT_PROTOTYPES = YES;
				CLANG_WARN_SUSPICIOUS_MOVE = YES;
				CLANG_WARN_UNGUARDED_AVAILABILITY = YES_AGGRESSIVE;
				CLANG_WARN_UNREACHABLE_CODE = YES;
				CLANG_WARN__DUPLICATE_METHOD_MATCH = YES;
				COPY_PHASE_STRIP = NO;
				DEBUG_INFORMATION_FORMAT = "dwarf-with-dsym";
				ENABLE_NS_ASSERTIONS = NO;
				ENABLE_STRICT_OBJC_MSGSEND = YES;
				GCC_C_LANGUAGE_STANDARD = gnu11;
				GCC_NO_COMMON_BLOCKS = YES;
				GCC_WARN_64_TO_32_BIT_CONVERSION = YES;
				GCC_WARN_ABOUT_RETURN_TYPE = YES_ERROR;
				GCC_WARN_UNDECLARED_SELECTOR = YES;
				GCC_WARN_UNINITIALIZED_AUTOS = YES_AGGRESSIVE;
				GCC_WARN_UNUSED_FUNCTION = YES;
				GCC_WARN_UNUSED_VARIABLE = YES;
				IPHONEOS_DEPLOYMENT_TARGET = 13.6;
				MTL_ENABLE_DEBUG_INFO = NO;
				MTL_FAST_MATH = YES;
				SDKROOT = iphoneos;
				SWIFT_COMPILATION_MODE = wholemodule;
				SWIFT_OPTIMIZATION_LEVEL = "-O";
				VALIDATE_PRODUCT = YES;
			};
			name = Release;
		};
		62857B6C253377BE0020F3B2 /* Debug */ = {
			isa = XCBuildConfiguration;
			baseConfigurationReference = 7880B52E5BA8759A7DC6B68B /* Pods-EasyGitHubSearch.debug.xcconfig */;
			buildSettings = {
				ASSETCATALOG_COMPILER_APPICON_NAME = AppIcon;
				CODE_SIGN_STYLE = Automatic;
				DEVELOPMENT_TEAM = K9T332L739;
				INFOPLIST_FILE = EasyGitHubSearch/Info.plist;
				IPHONEOS_DEPLOYMENT_TARGET = 11.0;
				LD_RUNPATH_SEARCH_PATHS = (
					"$(inherited)",
					"@executable_path/Frameworks",
				);
				PRODUCT_BUNDLE_IDENTIFIER = com.tyl.EasyGitHubSearch;
				PRODUCT_NAME = "$(TARGET_NAME)";
				SWIFT_VERSION = 5.0;
				TARGETED_DEVICE_FAMILY = "1,2";
			};
			name = Debug;
		};
		62857B6D253377BE0020F3B2 /* Release */ = {
			isa = XCBuildConfiguration;
			baseConfigurationReference = 578E640A62EBACC63CD35DD6 /* Pods-EasyGitHubSearch.release.xcconfig */;
			buildSettings = {
				ASSETCATALOG_COMPILER_APPICON_NAME = AppIcon;
				CODE_SIGN_STYLE = Automatic;
				DEVELOPMENT_TEAM = K9T332L739;
				INFOPLIST_FILE = EasyGitHubSearch/Info.plist;
				IPHONEOS_DEPLOYMENT_TARGET = 11.0;
				LD_RUNPATH_SEARCH_PATHS = (
					"$(inherited)",
					"@executable_path/Frameworks",
				);
				PRODUCT_BUNDLE_IDENTIFIER = com.tyl.EasyGitHubSearch;
				PRODUCT_NAME = "$(TARGET_NAME)";
				SWIFT_VERSION = 5.0;
				TARGETED_DEVICE_FAMILY = "1,2";
			};
			name = Release;
		};
/* End XCBuildConfiguration section */

/* Begin XCConfigurationList section */
		62857B52253377BB0020F3B2 /* Build configuration list for PBXProject "EasyGitHubSearch" */ = {
			isa = XCConfigurationList;
			buildConfigurations = (
				62857B69253377BE0020F3B2 /* Debug */,
				62857B6A253377BE0020F3B2 /* Release */,
			);
			defaultConfigurationIsVisible = 0;
			defaultConfigurationName = Release;
		};
		62857B6B253377BE0020F3B2 /* Build configuration list for PBXNativeTarget "EasyGitHubSearch" */ = {
			isa = XCConfigurationList;
			buildConfigurations = (
				62857B6C253377BE0020F3B2 /* Debug */,
				62857B6D253377BE0020F3B2 /* Release */,
			);
			defaultConfigurationIsVisible = 0;
			defaultConfigurationName = Release;
		};
/* End XCConfigurationList section */
	};
	rootObject = 62857B4F253377BB0020F3B2 /* Project object */;
}
